
Microsoft Visual Studio Solution File, Format Version 12.00
# Visual Studio 15
VisualStudioVersion = 15.0.26730.15
MinimumVisualStudioVersion = 10.0.40219.1
Project("{9A19103F-16F7-4668-BE54-9A1E7A4F7556}") = "TheWorld", "TheWorld.csproj", "{C423D864-892C-4EDF-A27C-1394BF88A1F3}"
EndProject
Global
	GlobalSection(SolutionConfigurationPlatforms) = preSolution
		Debug|Any CPU = Debug|Any CPU
		Release|Any CPU = Release|Any CPU
	EndGlobalSection
	GlobalSection(ProjectConfigurationPlatforms) = postSolution
		{C423D864-892C-4EDF-A27C-1394BF88A1F3}.Debug|Any CPU.ActiveCfg = Debug|Any CPU
		{C423D864-892C-4EDF-A27C-1394BF88A1F3}.Debug|Any CPU.Build.0 = Debug|Any CPU
		{C423D864-892C-4EDF-A27C-1394BF88A1F3}.Release|Any CPU.ActiveCfg = Release|Any CPU
		{C423D864-892C-4EDF-A27C-1394BF88A1F3}.Release|Any CPU.Build.0 = Release|Any CPU
	EndGlobalSection
	GlobalSection(SolutionProperties) = preSolution
		HideSolutionNode = FALSE
	EndGlobalSection
	GlobalSection(ExtensibilityGlobals) = postSolution
		SolutionGuid = {7B9F81D4-BF62-422D-9EA4-1EEB5B572D4C}
	EndGlobalSection
EndGlobal
